// !$*UTF8*$!
{
	archiveVersion = 1;
	classes = {
	};
	objectVersion = 46;
	objects = {

/* Begin PBXBuildFile section */
		723EAC30BF9A16A86895C7A9 /* libPods.a in Frameworks */ = {isa = PBXBuildFile; fileRef = E6A061F5CBEB784EC3777AEB /* libPods.a */; };
		913B63891B313D6E00F9FA49 /* main.m in Sources */ = {isa = PBXBuildFile; fileRef = 913B63881B313D6E00F9FA49 /* main.m */; };
		913B638C1B313D6E00F9FA49 /* AppDelegate.m in Sources */ = {isa = PBXBuildFile; fileRef = 913B638B1B313D6E00F9FA49 /* AppDelegate.m */; };
		913B638F1B313D6E00F9FA49 /* ViewController.m in Sources */ = {isa = PBXBuildFile; fileRef = 913B638E1B313D6E00F9FA49 /* ViewController.m */; };
		913B63921B313D6E00F9FA49 /* Main.storyboard in Resources */ = {isa = PBXBuildFile; fileRef = 913B63901B313D6E00F9FA49 /* Main.storyboard */; };
		913B63941B313D6E00F9FA49 /* Images.xcassets in Resources */ = {isa = PBXBuildFile; fileRef = 913B63931B313D6E00F9FA49 /* Images.xcassets */; };
		913B63971B313D6E00F9FA49 /* LaunchScreen.xib in Resources */ = {isa = PBXBuildFile; fileRef = 913B63951B313D6E00F9FA49 /* LaunchScreen.xib */; };
		913B63A31B313D6F00F9FA49 /* Day_4_Photo_Bombers_AppTests.m in Sources */ = {isa = PBXBuildFile; fileRef = 913B63A21B313D6F00F9FA49 /* Day_4_Photo_Bombers_AppTests.m */; };
		913B63AE1B314B5A00F9FA49 /* PhotoCollectionViewCell.m in Sources */ = {isa = PBXBuildFile; fileRef = 913B63AD1B314B5A00F9FA49 /* PhotoCollectionViewCell.m */; };
		913B63B21B31510500F9FA49 /* car_image.jpg in Resources */ = {isa = PBXBuildFile; fileRef = 913B63B11B31510500F9FA49 /* car_image.jpg */; };
		91ABB8261B32925C000C4E96 /* PhotoController.m in Sources */ = {isa = PBXBuildFile; fileRef = 91ABB8251B32925C000C4E96 /* PhotoController.m */; };
		91ABB8291B32B83C000C4E96 /* DetailViewController.m in Sources */ = {isa = PBXBuildFile; fileRef = 91ABB8281B32B83C000C4E96 /* DetailViewController.m */; };
		91ABB82C1B32C92C000C4E96 /* PresentDetailTransition.m in Sources */ = {isa = PBXBuildFile; fileRef = 91ABB82B1B32C92C000C4E96 /* PresentDetailTransition.m */; };
		91ABB82F1B32D49D000C4E96 /* dismissDetailTransition.m in Sources */ = {isa = PBXBuildFile; fileRef = 91ABB82E1B32D49D000C4E96 /* dismissDetailTransition.m */; };
/* End PBXBuildFile section */

/* Begin PBXContainerItemProxy section */
		913B639D1B313D6F00F9FA49 /* PBXContainerItemProxy */ = {
			isa = PBXContainerItemProxy;
			containerPortal = 913B637B1B313D6E00F9FA49 /* Project object */;
			proxyType = 1;
			remoteGlobalIDString = 913B63821B313D6E00F9FA49;
			remoteInfo = "Day 4 Photo Bombers App";
		};
/* End PBXContainerItemProxy section */

/* Begin PBXFileReference section */
		913B63831B313D6E00F9FA49 /* Day 4 Photo Bombers App.app */ = {isa = PBXFileReference; explicitFileType = wrapper.application; includeInIndex = 0; path = "Day 4 Photo Bombers App.app"; sourceTree = BUILT_PRODUCTS_DIR; };
		913B63871B313D6E00F9FA49 /* Info.plist */ = {isa = PBXFileReference; lastKnownFileType = text.plist.xml; path = Info.plist; sourceTree = "<group>"; };
		913B63881B313D6E00F9FA49 /* main.m */ = {isa = PBXFileReference; lastKnownFileType = sourcecode.c.objc; path = main.m; sourceTree = "<group>"; };
		913B638A1B313D6E00F9FA49 /* AppDelegate.h */ = {isa = PBXFileReference; lastKnownFileType = sourcecode.c.h; path = AppDelegate.h; sourceTree = "<group>"; };
		913B638B1B313D6E00F9FA49 /* AppDelegate.m */ = {isa = PBXFileReference; lastKnownFileType = sourcecode.c.objc; path = AppDelegate.m; sourceTree = "<group>"; };
		913B638D1B313D6E00F9FA49 /* ViewController.h */ = {isa = PBXFileReference; lastKnownFileType = sourcecode.c.h; path = ViewController.h; sourceTree = "<group>"; };
		913B638E1B313D6E00F9FA49 /* ViewController.m */ = {isa = PBXFileReference; lastKnownFileType = sourcecode.c.objc; path = ViewController.m; sourceTree = "<group>"; };
		913B63911B313D6E00F9FA49 /* Base */ = {isa = PBXFileReference; lastKnownFileType = file.storyboard; name = Base; path = Base.lproj/Main.storyboard; sourceTree = "<group>"; };
		913B63931B313D6E00F9FA49 /* Images.xcassets */ = {isa = PBXFileReference; lastKnownFileType = folder.assetcatalog; path = Images.xcassets; sourceTree = "<group>"; };
		913B63961B313D6E00F9FA49 /* Base */ = {isa = PBXFileReference; lastKnownFileType = file.xib; name = Base; path = Base.lproj/LaunchScreen.xib; sourceTree = "<group>"; };
		913B639C1B313D6F00F9FA49 /* Day 4 Photo Bombers AppTests.xctest */ = {isa = PBXFileReference; explicitFileType = wrapper.cfbundle; includeInIndex = 0; path = "Day 4 Photo Bombers AppTests.xctest"; sourceTree = BUILT_PRODUCTS_DIR; };
		913B63A11B313D6F00F9FA49 /* Info.plist */ = {isa = PBXFileReference; lastKnownFileType = text.plist.xml; path = Info.plist; sourceTree = "<group>"; };
		913B63A21B313D6F00F9FA49 /* Day_4_Photo_Bombers_AppTests.m */ = {isa = PBXFileReference; lastKnownFileType = sourcecode.c.objc; path = Day_4_Photo_Bombers_AppTests.m; sourceTree = "<group>"; };
		913B63AC1B314B5A00F9FA49 /* PhotoCollectionViewCell.h */ = {isa = PBXFileReference; fileEncoding = 4; lastKnownFileType = sourcecode.c.h; path = PhotoCollectionViewCell.h; sourceTree = "<group>"; };
		913B63AD1B314B5A00F9FA49 /* PhotoCollectionViewCell.m */ = {isa = PBXFileReference; fileEncoding = 4; lastKnownFileType = sourcecode.c.objc; path = PhotoCollectionViewCell.m; sourceTree = "<group>"; };
		913B63B11B31510500F9FA49 /* car_image.jpg */ = {isa = PBXFileReference; lastKnownFileType = image.jpeg; path = car_image.jpg; sourceTree = "<group>"; };
		91ABB8241B32925C000C4E96 /* PhotoController.h */ = {isa = PBXFileReference; fileEncoding = 4; lastKnownFileType = sourcecode.c.h; path = PhotoController.h; sourceTree = "<group>"; };
		91ABB8251B32925C000C4E96 /* PhotoController.m */ = {isa = PBXFileReference; fileEncoding = 4; lastKnownFileType = sourcecode.c.objc; path = PhotoController.m; sourceTree = "<group>"; };
		91ABB8271B32B83C000C4E96 /* DetailViewController.h */ = {isa = PBXFileReference; fileEncoding = 4; lastKnownFileType = sourcecode.c.h; path = DetailViewController.h; sourceTree = "<group>"; };
		91ABB8281B32B83C000C4E96 /* DetailViewController.m */ = {isa = PBXFileReference; fileEncoding = 4; lastKnownFileType = sourcecode.c.objc; path = DetailViewController.m; sourceTree = "<group>"; };
		91ABB82A1B32C92C000C4E96 /* PresentDetailTransition.h */ = {isa = PBXFileReference; fileEncoding = 4; lastKnownFileType = sourcecode.c.h; path = PresentDetailTransition.h; sourceTree = "<group>"; };
		91ABB82B1B32C92C000C4E96 /* PresentDetailTransition.m */ = {isa = PBXFileReference; fileEncoding = 4; lastKnownFileType = sourcecode.c.objc; path = PresentDetailTransition.m; sourceTree = "<group>"; };
		91ABB82D1B32D49D000C4E96 /* dismissDetailTransition.h */ = {isa = PBXFileReference; fileEncoding = 4; lastKnownFileType = sourcecode.c.h; path = dismissDetailTransition.h; sourceTree = "<group>"; };
		91ABB82E1B32D49D000C4E96 /* dismissDetailTransition.m */ = {isa = PBXFileReference; fileEncoding = 4; lastKnownFileType = sourcecode.c.objc; path = dismissDetailTransition.m; sourceTree = "<group>"; };
		97A28B89A4CA55F070B6F3BC /* Pods.release.xcconfig */ = {isa = PBXFileReference; includeInIndex = 1; lastKnownFileType = text.xcconfig; name = Pods.release.xcconfig; path = "Pods/Target Support Files/Pods/Pods.release.xcconfig"; sourceTree = "<group>"; };
		E6A061F5CBEB784EC3777AEB /* libPods.a */ = {isa = PBXFileReference; explicitFileType = archive.ar; includeInIndex = 0; path = libPods.a; sourceTree = BUILT_PRODUCTS_DIR; };
		FC80011EC40FA2D7A9F3BC0F /* Pods.debug.xcconfig */ = {isa = PBXFileReference; includeInIndex = 1; lastKnownFileType = text.xcconfig; name = Pods.debug.xcconfig; path = "Pods/Target Support Files/Pods/Pods.debug.xcconfig"; sourceTree = "<group>"; };
/* End PBXFileReference section */

/* Begin PBXFrameworksBuildPhase section */
		913B63801B313D6E00F9FA49 /* Frameworks */ = {
			isa = PBXFrameworksBuildPhase;
			buildActionMask = 2147483647;
			files = (
				723EAC30BF9A16A86895C7A9 /* libPods.a in Frameworks */,
			);
			runOnlyForDeploymentPostprocessing = 0;
		};
		913B63991B313D6F00F9FA49 /* Frameworks */ = {
			isa = PBXFrameworksBuildPhase;
			buildActionMask = 2147483647;
			files = (
			);
			runOnlyForDeploymentPostprocessing = 0;
		};
/* End PBXFrameworksBuildPhase section */

/* Begin PBXGroup section */
		178D9742EAB7A0537C3A6DEC /* Frameworks */ = {
			isa = PBXGroup;
			children = (
				E6A061F5CBEB784EC3777AEB /* libPods.a */,
			);
			name = Frameworks;
			sourceTree = "<group>";
		};
		4A3D85FF9CC0333EAB818414 /* Pods */ = {
			isa = PBXGroup;
			children = (
				FC80011EC40FA2D7A9F3BC0F /* Pods.debug.xcconfig */,
				97A28B89A4CA55F070B6F3BC /* Pods.release.xcconfig */,
			);
			name = Pods;
			sourceTree = "<group>";
		};
		913B637A1B313D6E00F9FA49 = {
			isa = PBXGroup;
			children = (
				913B63851B313D6E00F9FA49 /* Day 4 Photo Bombers App */,
				913B639F1B313D6F00F9FA49 /* Day 4 Photo Bombers AppTests */,
				913B63841B313D6E00F9FA49 /* Products */,
				4A3D85FF9CC0333EAB818414 /* Pods */,
				178D9742EAB7A0537C3A6DEC /* Frameworks */,
			);
			sourceTree = "<group>";
		};
		913B63841B313D6E00F9FA49 /* Products */ = {
			isa = PBXGroup;
			children = (
				913B63831B313D6E00F9FA49 /* Day 4 Photo Bombers App.app */,
				913B639C1B313D6F00F9FA49 /* Day 4 Photo Bombers AppTests.xctest */,
			);
			name = Products;
			sourceTree = "<group>";
		};
		913B63851B313D6E00F9FA49 /* Day 4 Photo Bombers App */ = {
			isa = PBXGroup;
			children = (
				913B638A1B313D6E00F9FA49 /* AppDelegate.h */,
				913B638B1B313D6E00F9FA49 /* AppDelegate.m */,
				913B638D1B313D6E00F9FA49 /* ViewController.h */,
				913B638E1B313D6E00F9FA49 /* ViewController.m */,
				91ABB82D1B32D49D000C4E96 /* dismissDetailTransition.h */,
				91ABB82E1B32D49D000C4E96 /* dismissDetailTransition.m */,
				91ABB82A1B32C92C000C4E96 /* PresentDetailTransition.h */,
				91ABB82B1B32C92C000C4E96 /* PresentDetailTransition.m */,
				91ABB8241B32925C000C4E96 /* PhotoController.h */,
				91ABB8251B32925C000C4E96 /* PhotoController.m */,
				91ABB8271B32B83C000C4E96 /* DetailViewController.h */,
				91ABB8281B32B83C000C4E96 /* DetailViewController.m */,
				913B63AC1B314B5A00F9FA49 /* PhotoCollectionViewCell.h */,
				913B63AD1B314B5A00F9FA49 /* PhotoCollectionViewCell.m */,
				913B63901B313D6E00F9FA49 /* Main.storyboard */,
				913B63931B313D6E00F9FA49 /* Images.xcassets */,
				913B63951B313D6E00F9FA49 /* LaunchScreen.xib */,
				913B63861B313D6E00F9FA49 /* Supporting Files */,
			);
			path = "Day 4 Photo Bombers App";
			sourceTree = "<group>";
		};
		913B63861B313D6E00F9FA49 /* Supporting Files */ = {
			isa = PBXGroup;
			children = (
				913B63B11B31510500F9FA49 /* car_image.jpg */,
				913B63871B313D6E00F9FA49 /* Info.plist */,
				913B63881B313D6E00F9FA49 /* main.m */,
			);
			name = "Supporting Files";
			sourceTree = "<group>";
		};
		913B639F1B313D6F00F9FA49 /* Day 4 Photo Bombers AppTests */ = {
			isa = PBXGroup;
			children = (
				913B63A21B313D6F00F9FA49 /* Day_4_Photo_Bombers_AppTests.m */,
				913B63A01B313D6F00F9FA49 /* Supporting Files */,
			);
			path = "Day 4 Photo Bombers AppTests";
			sourceTree = "<group>";
		};
		913B63A01B313D6F00F9FA49 /* Supporting Files */ = {
			isa = PBXGroup;
			children = (
				913B63A11B313D6F00F9FA49 /* Info.plist */,
			);
			name = "Supporting Files";
			sourceTree = "<group>";
		};
/* End PBXGroup section */

/* Begin PBXNativeTarget section */
		913B63821B313D6E00F9FA49 /* Day 4 Photo Bombers App */ = {
			isa = PBXNativeTarget;
			buildConfigurationList = 913B63A61B313D6F00F9FA49 /* Build configuration list for PBXNativeTarget "Day 4 Photo Bombers App" */;
			buildPhases = (
				7F53023B882F9787B9481EBC /* Check Pods Manifest.lock */,
				913B637F1B313D6E00F9FA49 /* Sources */,
				913B63801B313D6E00F9FA49 /* Frameworks */,
				913B63811B313D6E00F9FA49 /* Resources */,
				9A50F2D7956BF0275E7456C2 /* Copy Pods Resources */,
			);
			buildRules = (
			);
			dependencies = (
			);
			name = "Day 4 Photo Bombers App";
			productName = "Day 4 Photo Bombers App";
			productReference = 913B63831B313D6E00F9FA49 /* Day 4 Photo Bombers App.app */;
			productType = "com.apple.product-type.application";
		};
		913B639B1B313D6F00F9FA49 /* Day 4 Photo Bombers AppTests */ = {
			isa = PBXNativeTarget;
			buildConfigurationList = 913B63A91B313D6F00F9FA49 /* Build configuration list for PBXNativeTarget "Day 4 Photo Bombers AppTests" */;
			buildPhases = (
				913B63981B313D6F00F9FA49 /* Sources */,
				913B63991B313D6F00F9FA49 /* Frameworks */,
				913B639A1B313D6F00F9FA49 /* Resources */,
			);
			buildRules = (
			);
			dependencies = (
				913B639E1B313D6F00F9FA49 /* PBXTargetDependency */,
			);
			name = "Day 4 Photo Bombers AppTests";
			productName = "Day 4 Photo Bombers AppTests";
			productReference = 913B639C1B313D6F00F9FA49 /* Day 4 Photo Bombers AppTests.xctest */;
			productType = "com.apple.product-type.bundle.unit-test";
		};
/* End PBXNativeTarget section */

/* Begin PBXProject section */
		913B637B1B313D6E00F9FA49 /* Project object */ = {
			isa = PBXProject;
			attributes = {
				LastUpgradeCheck = 0630;
				ORGANIZATIONNAME = "Rauan Kappassov";
				TargetAttributes = {
					913B63821B313D6E00F9FA49 = {
						CreatedOnToolsVersion = 6.3.2;
					};
					913B639B1B313D6F00F9FA49 = {
						CreatedOnToolsVersion = 6.3.2;
						TestTargetID = 913B63821B313D6E00F9FA49;
					};
				};
			};
			buildConfigurationList = 913B637E1B313D6E00F9FA49 /* Build configuration list for PBXProject "Day 4 Photo Bombers App" */;
			compatibilityVersion = "Xcode 3.2";
			developmentRegion = English;
			hasScannedForEncodings = 0;
			knownRegions = (
				en,
				Base,
			);
			mainGroup = 913B637A1B313D6E00F9FA49;
			productRefGroup = 913B63841B313D6E00F9FA49 /* Products */;
			projectDirPath = "";
			projectRoot = "";
			targets = (
				913B63821B313D6E00F9FA49 /* Day 4 Photo Bombers App */,
				913B639B1B313D6F00F9FA49 /* Day 4 Photo Bombers AppTests */,
			);
		};
/* End PBXProject section */

/* Begin PBXResourcesBuildPhase section */
		913B63811B313D6E00F9FA49 /* Resources */ = {
			isa = PBXResourcesBuildPhase;
			buildActionMask = 2147483647;
			files = (
				913B63B21B31510500F9FA49 /* car_image.jpg in Resources */,
				913B63921B313D6E00F9FA49 /* Main.storyboard in Resources */,
				913B63971B313D6E00F9FA49 /* LaunchScreen.xib in Resources */,
				913B63941B313D6E00F9FA49 /* Images.xcassets in Resources */,
			);
			runOnlyForDeploymentPostprocessing = 0;
		};
		913B639A1B313D6F00F9FA49 /* Resources */ = {
			isa = PBXResourcesBuildPhase;
			buildActionMask = 2147483647;
			files = (
			);
			runOnlyForDeploymentPostprocessing = 0;
		};
/* End PBXResourcesBuildPhase section */

/* Begin PBXShellScriptBuildPhase section */
		7F53023B882F9787B9481EBC /* Check Pods Manifest.lock */ = {
			isa = PBXShellScriptBuildPhase;
			buildActionMask = 2147483647;
			files = (
			);
			inputPaths = (
			);
			name = "Check Pods Manifest.lock";
			outputPaths = (
			);
			runOnlyForDeploymentPostprocessing = 0;
			shellPath = /bin/sh;
			shellScript = "diff \"${PODS_ROOT}/../Podfile.lock\" \"${PODS_ROOT}/Manifest.lock\" > /dev/null\nif [[ $? != 0 ]] ; then\n    cat << EOM\nerror: The sandbox is not in sync with the Podfile.lock. Run 'pod install' or update your CocoaPods installation.\nEOM\n    exit 1\nfi\n";
			showEnvVarsInLog = 0;
		};
		9A50F2D7956BF0275E7456C2 /* Copy Pods Resources */ = {
			isa = PBXShellScriptBuildPhase;
			buildActionMask = 2147483647;
			files = (
			);
			inputPaths = (
			);
			name = "Copy Pods Resources";
			outputPaths = (
			);
			runOnlyForDeploymentPostprocessing = 0;
			shellPath = /bin/sh;
			shellScript = "\"${SRCROOT}/Pods/Target Support Files/Pods/Pods-resources.sh\"\n";
			showEnvVarsInLog = 0;
		};
/* End PBXShellScriptBuildPhase section */

/* Begin PBXSourcesBuildPhase section */
		913B637F1B313D6E00F9FA49 /* Sources */ = {
			isa = PBXSourcesBuildPhase;
			buildActionMask = 2147483647;
			files = (
				913B638F1B313D6E00F9FA49 /* ViewController.m in Sources */,
				913B63AE1B314B5A00F9FA49 /* PhotoCollectionViewCell.m in Sources */,
				913B638C1B313D6E00F9FA49 /* AppDelegate.m in Sources */,
				913B63891B313D6E00F9FA49 /* main.m in Sources */,
				91ABB82C1B32C92C000C4E96 /* PresentDetailTransition.m in Sources */,
				91ABB8261B32925C000C4E96 /* PhotoController.m in Sources */,
				91ABB82F1B32D49D000C4E96 /* dismissDetailTransition.m in Sources */,
				91ABB8291B32B83C000C4E96 /* DetailViewController.m in Sources */,
			);
			runOnlyForDeploymentPostprocessing = 0;
		};
		913B63981B313D6F00F9FA49 /* Sources */ = {
			isa = PBXSourcesBuildPhase;
			buildActionMask = 2147483647;
			files = (
				913B63A31B313D6F00F9FA49 /* Day_4_Photo_Bombers_AppTests.m in Sources */,
			);
			runOnlyForDeploymentPostprocessing = 0;
		};
/* End PBXSourcesBuildPhase section */

/* Begin PBXTargetDependency section */
		913B639E1B313D6F00F9FA49 /* PBXTargetDependency */ = {
			isa = PBXTargetDependency;
			target = 913B63821B313D6E00F9FA49 /* Day 4 Photo Bombers App */;
			targetProxy = 913B639D1B313D6F00F9FA49 /* PBXContainerItemProxy */;
		};
/* End PBXTargetDependency section */

/* Begin PBXVariantGroup section */
		913B63901B313D6E00F9FA49 /* Main.storyboard */ = {
			isa = PBXVariantGroup;
			children = (
				913B63911B313D6E00F9FA49 /* Base */,
			);
			name = Main.storyboard;
			sourceTree = "<group>";
		};
		913B63951B313D6E00F9FA49 /* LaunchScreen.xib */ = {
			isa = PBXVariantGroup;
			children = (
				913B63961B313D6E00F9FA49 /* Base */,
			);
			name = LaunchScreen.xib;
			sourceTree = "<group>";
		};
/* End PBXVariantGroup section */

/* Begin XCBuildConfiguration section */
		913B63A41B313D6F00F9FA49 /* Debug */ = {
			isa = XCBuildConfiguration;
			buildSettings = {
				ALWAYS_SEARCH_USER_PATHS = NO;
				CLANG_CXX_LANGUAGE_STANDARD = "gnu++0x";
				CLANG_CXX_LIBRARY = "libc++";
				CLANG_ENABLE_MODULES = YES;
				CLANG_ENABLE_OBJC_ARC = YES;
				CLANG_WARN_BOOL_CONVERSION = YES;
				CLANG_WARN_CONSTANT_CONVERSION = YES;
				CLANG_WARN_DIRECT_OBJC_ISA_USAGE = YES_ERROR;
				CLANG_WARN_EMPTY_BODY = YES;
				CLANG_WARN_ENUM_CONVERSION = YES;
				CLANG_WARN_INT_CONVERSION = YES;
				CLANG_WARN_OBJC_ROOT_CLASS = YES_ERROR;
				CLANG_WARN_UNREACHABLE_CODE = YES;
				CLANG_WARN__DUPLICATE_METHOD_MATCH = YES;
				"CODE_SIGN_IDENTITY[sdk=iphoneos*]" = "iPhone Developer";
				COPY_PHASE_STRIP = NO;
				DEBUG_INFORMATION_FORMAT = "dwarf-with-dsym";
				ENABLE_STRICT_OBJC_MSGSEND = YES;
				GCC_C_LANGUAGE_STANDARD = gnu99;
				GCC_DYNAMIC_NO_PIC = NO;
				GCC_NO_COMMON_BLOCKS = YES;
				GCC_OPTIMIZATION_LEVEL = 0;
				GCC_PREPROCESSOR_DEFINITIONS = (
					"DEBUG=1",
					"$(inherited)",
				);
				GCC_SYMBOLS_PRIVATE_EXTERN = NO;
				GCC_WARN_64_TO_32_BIT_CONVERSION = YES;
				GCC_WARN_ABOUT_RETURN_TYPE = YES_ERROR;
				GCC_WARN_UNDECLARED_SELECTOR = YES;
				GCC_WARN_UNINITIALIZED_AUTOS = YES_AGGRESSIVE;
				GCC_WARN_UNUSED_FUNCTION = YES;
				GCC_WARN_UNUSED_VARIABLE = YES;
				IPHONEOS_DEPLOYMENT_TARGET = 8.3;
				MTL_ENABLE_DEBUG_INFO = YES;
				ONLY_ACTIVE_ARCH = YES;
				SDKROOT = iphoneos;
			};
			name = Debug;
		};
		913B63A51B313D6F00F9FA49 /* Release */ = {
			isa = XCBuildConfiguration;
			buildSettings = {
				ALWAYS_SEARCH_USER_PATHS = NO;
				CLANG_CXX_LANGUAGE_STANDARD = "gnu++0x";
				CLANG_CXX_LIBRARY = "libc++";
				CLANG_ENABLE_MODULES = YES;
				CLANG_ENABLE_OBJC_ARC = YES;
				CLANG_WARN_BOOL_CONVERSION = YES;
				CLANG_WARN_CONSTANT_CONVERSION = YES;
				CLANG_WARN_DIRECT_OBJC_ISA_USAGE = YES_ERROR;
				CLANG_WARN_EMPTY_BODY = YES;
				CLANG_WARN_ENUM_CONVERSION = YES;
				CLANG_WARN_INT_CONVERSION = YES;
				CLANG_WARN_OBJC_ROOT_CLASS = YES_ERROR;
				CLANG_WARN_UNREACHABLE_CODE = YES;
				CLANG_WARN__DUPLICATE_METHOD_MATCH = YES;
				"CODE_SIGN_IDENTITY[sdk=iphoneos*]" = "iPhone Developer";
				COPY_PHASE_STRIP = NO;
				DEBUG_INFORMATION_FORMAT = "dwarf-with-dsym";
				ENABLE_NS_ASSERTIONS = NO;
				ENABLE_STRICT_OBJC_MSGSEND = YES;
				GCC_C_LANGUAGE_STANDARD = gnu99;
				GCC_NO_COMMON_BLOCKS = YES;
				GCC_WARN_64_TO_32_BIT_CONVERSION = YES;
				GCC_WARN_ABOUT_RETURN_TYPE = YES_ERROR;
				GCC_WARN_UNDECLARED_SELECTOR = YES;
				GCC_WARN_UNINITIALIZED_AUTOS = YES_AGGRESSIVE;
				GCC_WARN_UNUSED_FUNCTION = YES;
				GCC_WARN_UNUSED_VARIABLE = YES;
				IPHONEOS_DEPLOYMENT_TARGET = 8.3;
				MTL_ENABLE_DEBUG_INFO = NO;
				SDKROOT = iphoneos;
				VALIDATE_PRODUCT = YES;
			};
			name = Release;
		};
		913B63A71B313D6F00F9FA49 /* Debug */ = {
			isa = XCBuildConfiguration;
			baseConfigurationReference = FC80011EC40FA2D7A9F3BC0F /* Pods.debug.xcconfig */;
			buildSettings = {
				ASSETCATALOG_COMPILER_APPICON_NAME = AppIcon;
				INFOPLIST_FILE = "Day 4 Photo Bombers App/Info.plist";
				LD_RUNPATH_SEARCH_PATHS = "$(inherited) @executable_path/Frameworks";
				PRODUCT_NAME = "$(TARGET_NAME)";
			};
			name = Debug;
		};
		913B63A81B313D6F00F9FA49 /* Release */ = {
			isa = XCBuildConfiguration;
			baseConfigurationReference = 97A28B89A4CA55F070B6F3BC /* Pods.release.xcconfig */;
			buildSettings = {
				ASSETCATALOG_COMPILER_APPICON_NAME = AppIcon;
				INFOPLIST_FILE = "Day 4 Photo Bombers App/Info.plist";
				LD_RUNPATH_SEARCH_PATHS = "$(inherited) @executable_path/Frameworks";
				PRODUCT_NAME = "$(TARGET_NAME)";
			};
			name = Release;
		};
		913B63AA1B313D6F00F9FA49 /* Debug */ = {
			isa = XCBuildConfiguration;
			buildSettings = {
				BUNDLE_LOADER = "$(TEST_HOST)";
				FRAMEWORK_SEARCH_PATHS = (
					"$(SDKROOT)/Developer/Library/Frameworks",
					"$(inherited)",
				);
				GCC_PREPROCESSOR_DEFINITIONS = (
					"DEBUG=1",
					"$(inherited)",
				);
				INFOPLIST_FILE = "Day 4 Photo Bombers AppTests/Info.plist";
				LD_RUNPATH_SEARCH_PATHS = "$(inherited) @executable_path/Frameworks @loader_path/Frameworks";
				PRODUCT_NAME = "$(TARGET_NAME)";
				TEST_HOST = "$(BUILT_PRODUCTS_DIR)/Day 4 Photo Bombers App.app/Day 4 Photo Bombers App";
			};
			name = Debug;
		};
		913B63AB1B313D6F00F9FA49 /* Release */ = {
			isa = XCBuildConfiguration;
			buildSettings = {
				BUNDLE_LOADER = "$(TEST_HOST)";
				FRAMEWORK_SEARCH_PATHS = (
					"$(SDKROOT)/Developer/Library/Frameworks",
					"$(inherited)",
				);
				INFOPLIST_FILE = "Day 4 Photo Bombers AppTests/Info.plist";
				LD_RUNPATH_SEARCH_PATHS = "$(inherited) @executable_path/Frameworks @loader_path/Frameworks";
				PRODUCT_NAME = "$(TARGET_NAME)";
				TEST_HOST = "$(BUILT_PRODUCTS_DIR)/Day 4 Photo Bombers App.app/Day 4 Photo Bombers App";
			};
			name = Release;
		};
/* End XCBuildConfiguration section */

/* Begin XCConfigurationList section */
		913B637E1B313D6E00F9FA49 /* Build configuration list for PBXProject "Day 4 Photo Bombers App" */ = {
			isa = XCConfigurationList;
			buildConfigurations = (
				913B63A41B313D6F00F9FA49 /* Debug */,
				913B63A51B313D6F00F9FA49 /* Release */,
			);
			defaultConfigurationIsVisible = 0;
			defaultConfigurationName = Release;
		};
		913B63A61B313D6F00F9FA49 /* Build configuration list for PBXNativeTarget "Day 4 Photo Bombers App" */ = {
			isa = XCConfigurationList;
			buildConfigurations = (
				913B63A71B313D6F00F9FA49 /* Debug */,
				913B63A81B313D6F00F9FA49 /* Release */,
			);
			defaultConfigurationIsVisible = 0;
			defaultConfigurationName = Release;
		};
		913B63A91B313D6F00F9FA49 /* Build configuration list for PBXNativeTarget "Day 4 Photo Bombers AppTests" */ = {
			isa = XCConfigurationList;
			buildConfigurations = (
				913B63AA1B313D6F00F9FA49 /* Debug */,
				913B63AB1B313D6F00F9FA49 /* Release */,
			);
			defaultConfigurationIsVisible = 0;
			defaultConfigurationName = Release;
		};
/* End XCConfigurationList section */
	};
	rootObject = 913B637B1B313D6E00F9FA49 /* Project object */;
}
